// !$*UTF8*$!
{
	archiveVersion = 1;
	classes = {
	};
	objectVersion = 55;
	objects = {

/* Begin PBXBuildFile section */
		8F0A2460289FD236006B5480 /* Web.storyboard in Resources */ = {isa = PBXBuildFile; fileRef = 8F0A245F289FD236006B5480 /* Web.storyboard */; };
		8F0A2462289FD25D006B5480 /* PreviewWebViewController.swift in Sources */ = {isa = PBXBuildFile; fileRef = 8F0A2461289FD25D006B5480 /* PreviewWebViewController.swift */; };
		8F3A3137289E38FA0016DFF5 /* DetailViewController.swift in Sources */ = {isa = PBXBuildFile; fileRef = 8F3A3136289E38FA0016DFF5 /* DetailViewController.swift */; };
		8F3A313B289E44860016DFF5 /* DetailTableViewCell.swift in Sources */ = {isa = PBXBuildFile; fileRef = 8F3A313A289E44860016DFF5 /* DetailTableViewCell.swift */; };
		8F46347D289CEBA30025D731 /* SearchCollectionViewCell.swift in Sources */ = {isa = PBXBuildFile; fileRef = 8F46347B289CEBA30025D731 /* SearchCollectionViewCell.swift */; };
		8F46347E289CEBA30025D731 /* SearchCollectionViewCell.xib in Resources */ = {isa = PBXBuildFile; fileRef = 8F46347C289CEBA30025D731 /* SearchCollectionViewCell.xib */; };
		8F463480289CF7F30025D731 /* Model.swift in Sources */ = {isa = PBXBuildFile; fileRef = 8F46347F289CF7F30025D731 /* Model.swift */; };
		8F463483289CFC690025D731 /* Kingfisher in Frameworks */ = {isa = PBXBuildFile; productRef = 8F463482289CFC690025D731 /* Kingfisher */; };
		8F596DFE28A22B09005BD268 /* Recommand.storyboard in Resources */ = {isa = PBXBuildFile; fileRef = 8F596DFD28A22B09005BD268 /* Recommand.storyboard */; };
		8F596E0428A22BF2005BD268 /* RecommandViewController.swift in Sources */ = {isa = PBXBuildFile; fileRef = 8F596E0328A22BF2005BD268 /* RecommandViewController.swift */; };
		8F596E0628A22F57005BD268 /* MovieView.xib in Resources */ = {isa = PBXBuildFile; fileRef = 8F596E0528A22F57005BD268 /* MovieView.xib */; };
		8F596E0828A22F83005BD268 /* MovieView.swift in Sources */ = {isa = PBXBuildFile; fileRef = 8F596E0728A22F83005BD268 /* MovieView.swift */; };
		8F596E0B28A28A40005BD268 /* RecommandCollectionViewCell.swift in Sources */ = {isa = PBXBuildFile; fileRef = 8F596E0928A28A40005BD268 /* RecommandCollectionViewCell.swift */; };
		8F596E0E28A299E5005BD268 /* RecommandTableViewCell.swift in Sources */ = {isa = PBXBuildFile; fileRef = 8F596E0D28A299E5005BD268 /* RecommandTableViewCell.swift */; };
		8FB05FCC28A2A83800F3E162 /* RecommandCollectionViewCelll.xib in Resources */ = {isa = PBXBuildFile; fileRef = 8F596E0A28A28A40005BD268 /* RecommandCollectionViewCelll.xib */; };
		8FB05FCE28A2AB6A00F3E162 /* NewCollectionViewCell.swift in Sources */ = {isa = PBXBuildFile; fileRef = 8FB05FCD28A2AB6A00F3E162 /* NewCollectionViewCell.swift */; };
		8FCA00702899F6CD00F08BC1 /* AppDelegate.swift in Sources */ = {isa = PBXBuildFile; fileRef = 8FCA006F2899F6CD00F08BC1 /* AppDelegate.swift */; };
		8FCA00722899F6CD00F08BC1 /* SceneDelegate.swift in Sources */ = {isa = PBXBuildFile; fileRef = 8FCA00712899F6CD00F08BC1 /* SceneDelegate.swift */; };
		8FCA00772899F6CD00F08BC1 /* Main.storyboard in Resources */ = {isa = PBXBuildFile; fileRef = 8FCA00752899F6CD00F08BC1 /* Main.storyboard */; };
		8FCA00792899F6CE00F08BC1 /* Assets.xcassets in Resources */ = {isa = PBXBuildFile; fileRef = 8FCA00782899F6CE00F08BC1 /* Assets.xcassets */; };
		8FCA007C2899F6CE00F08BC1 /* LaunchScreen.storyboard in Resources */ = {isa = PBXBuildFile; fileRef = 8FCA007A2899F6CE00F08BC1 /* LaunchScreen.storyboard */; };
		8FCA00842899F7D400F08BC1 /* .gitignore in Resources */ = {isa = PBXBuildFile; fileRef = 8FCA00832899F7D400F08BC1 /* .gitignore */; };
		8FCA00862899F82F00F08BC1 /* SearchViewController.swift in Sources */ = {isa = PBXBuildFile; fileRef = 8FCA00852899F82F00F08BC1 /* SearchViewController.swift */; };
		8FCA00882899F88400F08BC1 /* APIKey.swift in Sources */ = {isa = PBXBuildFile; fileRef = 8FCA00872899F88400F08BC1 /* APIKey.swift */; };
		8FCA008D2899FAA700F08BC1 /* Examplee.swift in Sources */ = {isa = PBXBuildFile; fileRef = 8FCA008C2899FAA700F08BC1 /* Examplee.swift */; };
		8FCA0096289A3AB800F08BC1 /* ReuserbleExtensions.swift in Sources */ = {isa = PBXBuildFile; fileRef = 8FCA0095289A3AB800F08BC1 /* ReuserbleExtensions.swift */; };
		8FCA009C289AA14700F08BC1 /* Alamofire in Frameworks */ = {isa = PBXBuildFile; productRef = 8FCA009B289AA14700F08BC1 /* Alamofire */; };
		8FF6A33C28A0D73100CF2835 /* APIManagers.swift in Sources */ = {isa = PBXBuildFile; fileRef = 8FF6A33B28A0D73100CF2835 /* APIManagers.swift */; };
		8FFDF629289AA24F00DEDF40 /* SwiftyJSON in Frameworks */ = {isa = PBXBuildFile; productRef = 8FFDF628289AA24F00DEDF40 /* SwiftyJSON */; };
/* End PBXBuildFile section */

/* Begin PBXFileReference section */
		8F0A245F289FD236006B5480 /* Web.storyboard */ = {isa = PBXFileReference; lastKnownFileType = file.storyboard; path = Web.storyboard; sourceTree = "<group>"; };
		8F0A2461289FD25D006B5480 /* PreviewWebViewController.swift */ = {isa = PBXFileReference; lastKnownFileType = sourcecode.swift; path = PreviewWebViewController.swift; sourceTree = "<group>"; };
		8F3A3136289E38FA0016DFF5 /* DetailViewController.swift */ = {isa = PBXFileReference; lastKnownFileType = sourcecode.swift; path = DetailViewController.swift; sourceTree = "<group>"; };
		8F3A313A289E44860016DFF5 /* DetailTableViewCell.swift */ = {isa = PBXFileReference; lastKnownFileType = sourcecode.swift; path = DetailTableViewCell.swift; sourceTree = "<group>"; };
		8F46347B289CEBA30025D731 /* SearchCollectionViewCell.swift */ = {isa = PBXFileReference; lastKnownFileType = sourcecode.swift; path = SearchCollectionViewCell.swift; sourceTree = "<group>"; };
		8F46347C289CEBA30025D731 /* SearchCollectionViewCell.xib */ = {isa = PBXFileReference; lastKnownFileType = file.xib; path = SearchCollectionViewCell.xib; sourceTree = "<group>"; };
		8F46347F289CF7F30025D731 /* Model.swift */ = {isa = PBXFileReference; lastKnownFileType = sourcecode.swift; path = Model.swift; sourceTree = "<group>"; };
		8F596DFD28A22B09005BD268 /* Recommand.storyboard */ = {isa = PBXFileReference; lastKnownFileType = file.storyboard; path = Recommand.storyboard; sourceTree = "<group>"; };
		8F596E0328A22BF2005BD268 /* RecommandViewController.swift */ = {isa = PBXFileReference; lastKnownFileType = sourcecode.swift; path = RecommandViewController.swift; sourceTree = "<group>"; };
		8F596E0528A22F57005BD268 /* MovieView.xib */ = {isa = PBXFileReference; lastKnownFileType = file.xib; path = MovieView.xib; sourceTree = "<group>"; };
		8F596E0728A22F83005BD268 /* MovieView.swift */ = {isa = PBXFileReference; lastKnownFileType = sourcecode.swift; path = MovieView.swift; sourceTree = "<group>"; };
		8F596E0928A28A40005BD268 /* RecommandCollectionViewCell.swift */ = {isa = PBXFileReference; lastKnownFileType = sourcecode.swift; path = RecommandCollectionViewCell.swift; sourceTree = "<group>"; };
		8F596E0A28A28A40005BD268 /* RecommandCollectionViewCelll.xib */ = {isa = PBXFileReference; lastKnownFileType = file.xib; path = RecommandCollectionViewCelll.xib; sourceTree = "<group>"; };
		8F596E0D28A299E5005BD268 /* RecommandTableViewCell.swift */ = {isa = PBXFileReference; lastKnownFileType = sourcecode.swift; path = RecommandTableViewCell.swift; sourceTree = "<group>"; };
		8FB05FCD28A2AB6A00F3E162 /* NewCollectionViewCell.swift */ = {isa = PBXFileReference; lastKnownFileType = sourcecode.swift; path = NewCollectionViewCell.swift; sourceTree = "<group>"; };
		8FCA006C2899F6CD00F08BC1 /* SeSacTMBProject.app */ = {isa = PBXFileReference; explicitFileType = wrapper.application; includeInIndex = 0; path = SeSacTMBProject.app; sourceTree = BUILT_PRODUCTS_DIR; };
		8FCA006F2899F6CD00F08BC1 /* AppDelegate.swift */ = {isa = PBXFileReference; lastKnownFileType = sourcecode.swift; path = AppDelegate.swift; sourceTree = "<group>"; };
		8FCA00712899F6CD00F08BC1 /* SceneDelegate.swift */ = {isa = PBXFileReference; lastKnownFileType = sourcecode.swift; path = SceneDelegate.swift; sourceTree = "<group>"; };
		8FCA00762899F6CD00F08BC1 /* Base */ = {isa = PBXFileReference; lastKnownFileType = file.storyboard; name = Base; path = Base.lproj/Main.storyboard; sourceTree = "<group>"; };
		8FCA00782899F6CE00F08BC1 /* Assets.xcassets */ = {isa = PBXFileReference; lastKnownFileType = folder.assetcatalog; path = Assets.xcassets; sourceTree = "<group>"; };
		8FCA007B2899F6CE00F08BC1 /* Base */ = {isa = PBXFileReference; lastKnownFileType = file.storyboard; name = Base; path = Base.lproj/LaunchScreen.storyboard; sourceTree = "<group>"; };
		8FCA007D2899F6CE00F08BC1 /* Info.plist */ = {isa = PBXFileReference; lastKnownFileType = text.plist.xml; path = Info.plist; sourceTree = "<group>"; };
		8FCA00832899F7D400F08BC1 /* .gitignore */ = {isa = PBXFileReference; lastKnownFileType = text; path = .gitignore; sourceTree = "<group>"; };
		8FCA00852899F82F00F08BC1 /* SearchViewController.swift */ = {isa = PBXFileReference; lastKnownFileType = sourcecode.swift; path = SearchViewController.swift; sourceTree = "<group>"; };
		8FCA00872899F88400F08BC1 /* APIKey.swift */ = {isa = PBXFileReference; lastKnownFileType = sourcecode.swift; path = APIKey.swift; sourceTree = "<group>"; };
		8FCA008C2899FAA700F08BC1 /* Examplee.swift */ = {isa = PBXFileReference; lastKnownFileType = sourcecode.swift; path = Examplee.swift; sourceTree = "<group>"; };
		8FCA0095289A3AB800F08BC1 /* ReuserbleExtensions.swift */ = {isa = PBXFileReference; lastKnownFileType = sourcecode.swift; path = ReuserbleExtensions.swift; sourceTree = "<group>"; };
		8FF6A33B28A0D73100CF2835 /* APIManagers.swift */ = {isa = PBXFileReference; lastKnownFileType = sourcecode.swift; path = APIManagers.swift; sourceTree = "<group>"; };
/* End PBXFileReference section */

/* Begin PBXFrameworksBuildPhase section */
		8FCA00692899F6CD00F08BC1 /* Frameworks */ = {
			isa = PBXFrameworksBuildPhase;
			buildActionMask = 2147483647;
			files = (
				8F463483289CFC690025D731 /* Kingfisher in Frameworks */,
				8FFDF629289AA24F00DEDF40 /* SwiftyJSON in Frameworks */,
				8FCA009C289AA14700F08BC1 /* Alamofire in Frameworks */,
			);
			runOnlyForDeploymentPostprocessing = 0;
		};
/* End PBXFrameworksBuildPhase section */

/* Begin PBXGroup section */
		8F596DFF28A22B17005BD268 /* Main */ = {
			isa = PBXGroup;
			children = (
				8FCA00752899F6CD00F08BC1 /* Main.storyboard */,
				8FCA00852899F82F00F08BC1 /* SearchViewController.swift */,
				8F3A3136289E38FA0016DFF5 /* DetailViewController.swift */,
				8F3A313A289E44860016DFF5 /* DetailTableViewCell.swift */,
			);
			path = Main;
			sourceTree = "<group>";
		};
		8F596E0028A22B38005BD268 /* XIBs */ = {
			isa = PBXGroup;
			children = (
				8F46347C289CEBA30025D731 /* SearchCollectionViewCell.xib */,
				8F46347B289CEBA30025D731 /* SearchCollectionViewCell.swift */,
				8F596E0528A22F57005BD268 /* MovieView.xib */,
				8F596E0728A22F83005BD268 /* MovieView.swift */,
				8F596E0A28A28A40005BD268 /* RecommandCollectionViewCelll.xib */,
			);
			path = XIBs;
			sourceTree = "<group>";
		};
		8F596E0128A22B5A005BD268 /* Web */ = {
			isa = PBXGroup;
			children = (
				8F0A2461289FD25D006B5480 /* PreviewWebViewController.swift */,
				8F0A245F289FD236006B5480 /* Web.storyboard */,
			);
			path = Web;
			sourceTree = "<group>";
		};
		8F596E0228A22B77005BD268 /* Recommand */ = {
			isa = PBXGroup;
			children = (
				8F596DFD28A22B09005BD268 /* Recommand.storyboard */,
				8F596E0D28A299E5005BD268 /* RecommandTableViewCell.swift */,
				8F596E0328A22BF2005BD268 /* RecommandViewController.swift */,
				8FB05FCD28A2AB6A00F3E162 /* NewCollectionViewCell.swift */,
				8F596E0928A28A40005BD268 /* RecommandCollectionViewCell.swift */,
			);
			path = Recommand;
			sourceTree = "<group>";
		};
		8FCA00632899F6CD00F08BC1 = {
			isa = PBXGroup;
			children = (
				8FCA00832899F7D400F08BC1 /* .gitignore */,
				8FCA006E2899F6CD00F08BC1 /* SeSacTMBProject */,
				8FCA006D2899F6CD00F08BC1 /* Products */,
			);
			sourceTree = "<group>";
		};
		8FCA006D2899F6CD00F08BC1 /* Products */ = {
			isa = PBXGroup;
			children = (
				8FCA006C2899F6CD00F08BC1 /* SeSacTMBProject.app */,
			);
			name = Products;
			sourceTree = "<group>";
		};
		8FCA006E2899F6CD00F08BC1 /* SeSacTMBProject */ = {
			isa = PBXGroup;
			children = (
				8FCA006F2899F6CD00F08BC1 /* AppDelegate.swift */,
				8FCA00712899F6CD00F08BC1 /* SceneDelegate.swift */,
				8F46347F289CF7F30025D731 /* Model.swift */,
				8FCA008B2899FA8500F08BC1 /* Key */,
				8FF6A33A28A0D6D700CF2835 /* Network */,
				8FCA0097289A3AE500F08BC1 /* Extensions */,
				8F596E0028A22B38005BD268 /* XIBs */,
				8F596DFF28A22B17005BD268 /* Main */,
				8F596E0128A22B5A005BD268 /* Web */,
				8F596E0228A22B77005BD268 /* Recommand */,
				8FCA00782899F6CE00F08BC1 /* Assets.xcassets */,
				8FCA007A2899F6CE00F08BC1 /* LaunchScreen.storyboard */,
				8FCA007D2899F6CE00F08BC1 /* Info.plist */,
			);
			path = SeSacTMBProject;
			sourceTree = "<group>";
		};
		8FCA008B2899FA8500F08BC1 /* Key */ = {
			isa = PBXGroup;
			children = (
				8FCA008C2899FAA700F08BC1 /* Examplee.swift */,
			);
			path = Key;
			sourceTree = "<group>";
		};
		8FCA0097289A3AE500F08BC1 /* Extensions */ = {
			isa = PBXGroup;
			children = (
				8FCA0095289A3AB800F08BC1 /* ReuserbleExtensions.swift */,
			);
			path = Extensions;
			sourceTree = "<group>";
		};
		8FF6A33A28A0D6D700CF2835 /* Network */ = {
			isa = PBXGroup;
			children = (
				8FCA00872899F88400F08BC1 /* APIKey.swift */,
				8FF6A33B28A0D73100CF2835 /* APIManagers.swift */,
			);
			path = Network;
			sourceTree = "<group>";
		};
/* End PBXGroup section */

/* Begin PBXNativeTarget section */
		8FCA006B2899F6CD00F08BC1 /* SeSacTMBProject */ = {
			isa = PBXNativeTarget;
			buildConfigurationList = 8FCA00802899F6CE00F08BC1 /* Build configuration list for PBXNativeTarget "SeSacTMBProject" */;
			buildPhases = (
				8FCA00682899F6CD00F08BC1 /* Sources */,
				8FCA00692899F6CD00F08BC1 /* Frameworks */,
				8FCA006A2899F6CD00F08BC1 /* Resources */,
			);
			buildRules = (
			);
			dependencies = (
			);
			name = SeSacTMBProject;
			packageProductDependencies = (
				8FCA009B289AA14700F08BC1 /* Alamofire */,
				8FFDF628289AA24F00DEDF40 /* SwiftyJSON */,
				8F463482289CFC690025D731 /* Kingfisher */,
			);
			productName = SeSacTMBProject;
			productReference = 8FCA006C2899F6CD00F08BC1 /* SeSacTMBProject.app */;
			productType = "com.apple.product-type.application";
		};
/* End PBXNativeTarget section */

/* Begin PBXProject section */
		8FCA00642899F6CD00F08BC1 /* Project object */ = {
			isa = PBXProject;
			attributes = {
				BuildIndependentTargetsInParallel = 1;
				LastSwiftUpdateCheck = 1340;
				LastUpgradeCheck = 1340;
				TargetAttributes = {
					8FCA006B2899F6CD00F08BC1 = {
						CreatedOnToolsVersion = 13.4.1;
					};
				};
			};
			buildConfigurationList = 8FCA00672899F6CD00F08BC1 /* Build configuration list for PBXProject "SeSacTMBProject" */;
			compatibilityVersion = "Xcode 13.0";
			developmentRegion = en;
			hasScannedForEncodings = 0;
			knownRegions = (
				en,
				Base,
			);
			mainGroup = 8FCA00632899F6CD00F08BC1;
			packageReferences = (
				8FCA009A289AA14700F08BC1 /* XCRemoteSwiftPackageReference "Alamofire" */,
				8FCA009D289AA15A00F08BC1 /* XCRemoteSwiftPackageReference "SwiftyJSON" */,
				8FCA009E289AA17300F08BC1 /* XCRemoteSwiftPackageReference "Kingfisher" */,
				8FFDF627289AA24F00DEDF40 /* XCRemoteSwiftPackageReference "SwiftyJSON" */,
				8F463481289CFC690025D731 /* XCRemoteSwiftPackageReference "Kingfisher" */,
			);
			productRefGroup = 8FCA006D2899F6CD00F08BC1 /* Products */;
			projectDirPath = "";
			projectRoot = "";
			targets = (
				8FCA006B2899F6CD00F08BC1 /* SeSacTMBProject */,
			);
		};
/* End PBXProject section */

/* Begin PBXResourcesBuildPhase section */
		8FCA006A2899F6CD00F08BC1 /* Resources */ = {
			isa = PBXResourcesBuildPhase;
			buildActionMask = 2147483647;
			files = (
				8FB05FCC28A2A83800F3E162 /* RecommandCollectionViewCelll.xib in Resources */,
				8F596DFE28A22B09005BD268 /* Recommand.storyboard in Resources */,
				8F596E0628A22F57005BD268 /* MovieView.xib in Resources */,
				8FCA00842899F7D400F08BC1 /* .gitignore in Resources */,
				8FCA007C2899F6CE00F08BC1 /* LaunchScreen.storyboard in Resources */,
				8F46347E289CEBA30025D731 /* SearchCollectionViewCell.xib in Resources */,
				8FCA00792899F6CE00F08BC1 /* Assets.xcassets in Resources */,
				8FCA00772899F6CD00F08BC1 /* Main.storyboard in Resources */,
				8F0A2460289FD236006B5480 /* Web.storyboard in Resources */,
			);
			runOnlyForDeploymentPostprocessing = 0;
		};
/* End PBXResourcesBuildPhase section */

/* Begin PBXSourcesBuildPhase section */
		8FCA00682899F6CD00F08BC1 /* Sources */ = {
			isa = PBXSourcesBuildPhase;
			buildActionMask = 2147483647;
			files = (
				8F596E0E28A299E5005BD268 /* RecommandTableViewCell.swift in Sources */,
				8F596E0428A22BF2005BD268 /* RecommandViewController.swift in Sources */,
				8FCA008D2899FAA700F08BC1 /* Examplee.swift in Sources */,
				8FCA00702899F6CD00F08BC1 /* AppDelegate.swift in Sources */,
				8FB05FCE28A2AB6A00F3E162 /* NewCollectionViewCell.swift in Sources */,
				8F3A313B289E44860016DFF5 /* DetailTableViewCell.swift in Sources */,
				8F3A3137289E38FA0016DFF5 /* DetailViewController.swift in Sources */,
				8F596E0B28A28A40005BD268 /* RecommandCollectionViewCell.swift in Sources */,
				8FCA00862899F82F00F08BC1 /* SearchViewController.swift in Sources */,
				8F46347D289CEBA30025D731 /* SearchCollectionViewCell.swift in Sources */,
				8FCA00722899F6CD00F08BC1 /* SceneDelegate.swift in Sources */,
				8FCA00882899F88400F08BC1 /* APIKey.swift in Sources */,
				8F596E0828A22F83005BD268 /* MovieView.swift in Sources */,
				8F0A2462289FD25D006B5480 /* PreviewWebViewController.swift in Sources */,
				8F463480289CF7F30025D731 /* Model.swift in Sources */,
				8FF6A33C28A0D73100CF2835 /* APIManagers.swift in Sources */,
				8FCA0096289A3AB800F08BC1 /* ReuserbleExtensions.swift in Sources */,
			);
			runOnlyForDeploymentPostprocessing = 0;
		};
/* End PBXSourcesBuildPhase section */

/* Begin PBXVariantGroup section */
		8FCA00752899F6CD00F08BC1 /* Main.storyboard */ = {
			isa = PBXVariantGroup;
			children = (
				8FCA00762899F6CD00F08BC1 /* Base */,
			);
			name = Main.storyboard;
			sourceTree = "<group>";
		};
		8FCA007A2899F6CE00F08BC1 /* LaunchScreen.storyboard */ = {
			isa = PBXVariantGroup;
			children = (
				8FCA007B2899F6CE00F08BC1 /* Base */,
			);
			name = LaunchScreen.storyboard;
			sourceTree = "<group>";
		};
/* End PBXVariantGroup section */

/* Begin XCBuildConfiguration section */
		8FCA007E2899F6CE00F08BC1 /* Debug */ = {
			isa = XCBuildConfiguration;
			buildSettings = {
				ALWAYS_SEARCH_USER_PATHS = NO;
				CLANG_ANALYZER_NONNULL = YES;
				CLANG_ANALYZER_NUMBER_OBJECT_CONVERSION = YES_AGGRESSIVE;
				CLANG_CXX_LANGUAGE_STANDARD = "gnu++17";
				CLANG_ENABLE_MODULES = YES;
				CLANG_ENABLE_OBJC_ARC = YES;
				CLANG_ENABLE_OBJC_WEAK = YES;
				CLANG_WARN_BLOCK_CAPTURE_AUTORELEASING = YES;
				CLANG_WARN_BOOL_CONVERSION = YES;
				CLANG_WARN_COMMA = YES;
				CLANG_WARN_CONSTANT_CONVERSION = YES;
				CLANG_WARN_DEPRECATED_OBJC_IMPLEMENTATIONS = YES;
				CLANG_WARN_DIRECT_OBJC_ISA_USAGE = YES_ERROR;
				CLANG_WARN_DOCUMENTATION_COMMENTS = YES;
				CLANG_WARN_EMPTY_BODY = YES;
				CLANG_WARN_ENUM_CONVERSION = YES;
				CLANG_WARN_INFINITE_RECURSION = YES;
				CLANG_WARN_INT_CONVERSION = YES;
				CLANG_WARN_NON_LITERAL_NULL_CONVERSION = YES;
				CLANG_WARN_OBJC_IMPLICIT_RETAIN_SELF = YES;
				CLANG_WARN_OBJC_LITERAL_CONVERSION = YES;
				CLANG_WARN_OBJC_ROOT_CLASS = YES_ERROR;
				CLANG_WARN_QUOTED_INCLUDE_IN_FRAMEWORK_HEADER = YES;
				CLANG_WARN_RANGE_LOOP_ANALYSIS = YES;
				CLANG_WARN_STRICT_PROTOTYPES = YES;
				CLANG_WARN_SUSPICIOUS_MOVE = YES;
				CLANG_WARN_UNGUARDED_AVAILABILITY = YES_AGGRESSIVE;
				CLANG_WARN_UNREACHABLE_CODE = YES;
				CLANG_WARN__DUPLICATE_METHOD_MATCH = YES;
				COPY_PHASE_STRIP = NO;
				DEBUG_INFORMATION_FORMAT = dwarf;
				ENABLE_STRICT_OBJC_MSGSEND = YES;
				ENABLE_TESTABILITY = YES;
				GCC_C_LANGUAGE_STANDARD = gnu11;
				GCC_DYNAMIC_NO_PIC = NO;
				GCC_NO_COMMON_BLOCKS = YES;
				GCC_OPTIMIZATION_LEVEL = 0;
				GCC_PREPROCESSOR_DEFINITIONS = (
					"DEBUG=1",
					"$(inherited)",
				);
				GCC_WARN_64_TO_32_BIT_CONVERSION = YES;
				GCC_WARN_ABOUT_RETURN_TYPE = YES_ERROR;
				GCC_WARN_UNDECLARED_SELECTOR = YES;
				GCC_WARN_UNINITIALIZED_AUTOS = YES_AGGRESSIVE;
				GCC_WARN_UNUSED_FUNCTION = YES;
				GCC_WARN_UNUSED_VARIABLE = YES;
				IPHONEOS_DEPLOYMENT_TARGET = 15.5;
				MTL_ENABLE_DEBUG_INFO = INCLUDE_SOURCE;
				MTL_FAST_MATH = YES;
				ONLY_ACTIVE_ARCH = YES;
				SDKROOT = iphoneos;
				SWIFT_ACTIVE_COMPILATION_CONDITIONS = DEBUG;
				SWIFT_OPTIMIZATION_LEVEL = "-Onone";
			};
			name = Debug;
		};
		8FCA007F2899F6CE00F08BC1 /* Release */ = {
			isa = XCBuildConfiguration;
			buildSettings = {
				ALWAYS_SEARCH_USER_PATHS = NO;
				CLANG_ANALYZER_NONNULL = YES;
				CLANG_ANALYZER_NUMBER_OBJECT_CONVERSION = YES_AGGRESSIVE;
				CLANG_CXX_LANGUAGE_STANDARD = "gnu++17";
				CLANG_ENABLE_MODULES = YES;
				CLANG_ENABLE_OBJC_ARC = YES;
				CLANG_ENABLE_OBJC_WEAK = YES;
				CLANG_WARN_BLOCK_CAPTURE_AUTORELEASING = YES;
				CLANG_WARN_BOOL_CONVERSION = YES;
				CLANG_WARN_COMMA = YES;
				CLANG_WARN_CONSTANT_CONVERSION = YES;
				CLANG_WARN_DEPRECATED_OBJC_IMPLEMENTATIONS = YES;
				CLANG_WARN_DIRECT_OBJC_ISA_USAGE = YES_ERROR;
				CLANG_WARN_DOCUMENTATION_COMMENTS = YES;
				CLANG_WARN_EMPTY_BODY = YES;
				CLANG_WARN_ENUM_CONVERSION = YES;
				CLANG_WARN_INFINITE_RECURSION = YES;
				CLANG_WARN_INT_CONVERSION = YES;
				CLANG_WARN_NON_LITERAL_NULL_CONVERSION = YES;
				CLANG_WARN_OBJC_IMPLICIT_RETAIN_SELF = YES;
				CLANG_WARN_OBJC_LITERAL_CONVERSION = YES;
				CLANG_WARN_OBJC_ROOT_CLASS = YES_ERROR;
				CLANG_WARN_QUOTED_INCLUDE_IN_FRAMEWORK_HEADER = YES;
				CLANG_WARN_RANGE_LOOP_ANALYSIS = YES;
				CLANG_WARN_STRICT_PROTOTYPES = YES;
				CLANG_WARN_SUSPICIOUS_MOVE = YES;
				CLANG_WARN_UNGUARDED_AVAILABILITY = YES_AGGRESSIVE;
				CLANG_WARN_UNREACHABLE_CODE = YES;
				CLANG_WARN__DUPLICATE_METHOD_MATCH = YES;
				COPY_PHASE_STRIP = NO;
				DEBUG_INFORMATION_FORMAT = "dwarf-with-dsym";
				ENABLE_NS_ASSERTIONS = NO;
				ENABLE_STRICT_OBJC_MSGSEND = YES;
				GCC_C_LANGUAGE_STANDARD = gnu11;
				GCC_NO_COMMON_BLOCKS = YES;
				GCC_WARN_64_TO_32_BIT_CONVERSION = YES;
				GCC_WARN_ABOUT_RETURN_TYPE = YES_ERROR;
				GCC_WARN_UNDECLARED_SELECTOR = YES;
				GCC_WARN_UNINITIALIZED_AUTOS = YES_AGGRESSIVE;
				GCC_WARN_UNUSED_FUNCTION = YES;
				GCC_WARN_UNUSED_VARIABLE = YES;
				IPHONEOS_DEPLOYMENT_TARGET = 15.5;
				MTL_ENABLE_DEBUG_INFO = NO;
				MTL_FAST_MATH = YES;
				SDKROOT = iphoneos;
				SWIFT_COMPILATION_MODE = wholemodule;
				SWIFT_OPTIMIZATION_LEVEL = "-O";
				VALIDATE_PRODUCT = YES;
			};
			name = Release;
		};
		8FCA00812899F6CE00F08BC1 /* Debug */ = {
			isa = XCBuildConfiguration;
			buildSettings = {
				ASSETCATALOG_COMPILER_APPICON_NAME = AppIcon;
				ASSETCATALOG_COMPILER_GLOBAL_ACCENT_COLOR_NAME = AccentColor;
				CODE_SIGN_STYLE = Automatic;
				CURRENT_PROJECT_VERSION = 1;
				DEVELOPMENT_TEAM = Z56UT2Z9KH;
				GENERATE_INFOPLIST_FILE = YES;
				INFOPLIST_FILE = SeSacTMBProject/Info.plist;
				INFOPLIST_KEY_UIApplicationSupportsIndirectInputEvents = YES;
				INFOPLIST_KEY_UILaunchStoryboardName = LaunchScreen;
				INFOPLIST_KEY_UIMainStoryboardFile = Main;
				INFOPLIST_KEY_UISupportedInterfaceOrientations_iPad = "UIInterfaceOrientationPortrait UIInterfaceOrientationPortraitUpsideDown UIInterfaceOrientationLandscapeLeft UIInterfaceOrientationLandscapeRight";
				INFOPLIST_KEY_UISupportedInterfaceOrientations_iPhone = "UIInterfaceOrientationPortrait UIInterfaceOrientationLandscapeLeft UIInterfaceOrientationLandscapeRight";
				LD_RUNPATH_SEARCH_PATHS = (
					"$(inherited)",
					"@executable_path/Frameworks",
				);
				MARKETING_VERSION = 1.0;
				PRODUCT_BUNDLE_IDENTIFIER = com.ohlee.SeSacTMBProject;
				PRODUCT_NAME = "$(TARGET_NAME)";
				SWIFT_EMIT_LOC_STRINGS = YES;
				SWIFT_VERSION = 5.0;
				TARGETED_DEVICE_FAMILY = "1,2";
			};
			name = Debug;
		};
		8FCA00822899F6CE00F08BC1 /* Release */ = {
			isa = XCBuildConfiguration;
			buildSettings = {
				ASSETCATALOG_COMPILER_APPICON_NAME = AppIcon;
				ASSETCATALOG_COMPILER_GLOBAL_ACCENT_COLOR_NAME = AccentColor;
				CODE_SIGN_STYLE = Automatic;
				CURRENT_PROJECT_VERSION = 1;
				DEVELOPMENT_TEAM = Z56UT2Z9KH;
				GENERATE_INFOPLIST_FILE = YES;
				INFOPLIST_FILE = SeSacTMBProject/Info.plist;
				INFOPLIST_KEY_UIApplicationSupportsIndirectInputEvents = YES;
				INFOPLIST_KEY_UILaunchStoryboardName = LaunchScreen;
				INFOPLIST_KEY_UIMainStoryboardFile = Main;
				INFOPLIST_KEY_UISupportedInterfaceOrientations_iPad = "UIInterfaceOrientationPortrait UIInterfaceOrientationPortraitUpsideDown UIInterfaceOrientationLandscapeLeft UIInterfaceOrientationLandscapeRight";
				INFOPLIST_KEY_UISupportedInterfaceOrientations_iPhone = "UIInterfaceOrientationPortrait UIInterfaceOrientationLandscapeLeft UIInterfaceOrientationLandscapeRight";
				LD_RUNPATH_SEARCH_PATHS = (
					"$(inherited)",
					"@executable_path/Frameworks",
				);
				MARKETING_VERSION = 1.0;
				PRODUCT_BUNDLE_IDENTIFIER = com.ohlee.SeSacTMBProject;
				PRODUCT_NAME = "$(TARGET_NAME)";
				SWIFT_EMIT_LOC_STRINGS = YES;
				SWIFT_VERSION = 5.0;
				TARGETED_DEVICE_FAMILY = "1,2";
			};
			name = Release;
		};
/* End XCBuildConfiguration section */

/* Begin XCConfigurationList section */
		8FCA00672899F6CD00F08BC1 /* Build configuration list for PBXProject "SeSacTMBProject" */ = {
			isa = XCConfigurationList;
			buildConfigurations = (
				8FCA007E2899F6CE00F08BC1 /* Debug */,
				8FCA007F2899F6CE00F08BC1 /* Release */,
			);
			defaultConfigurationIsVisible = 0;
			defaultConfigurationName = Release;
		};
		8FCA00802899F6CE00F08BC1 /* Build configuration list for PBXNativeTarget "SeSacTMBProject" */ = {
			isa = XCConfigurationList;
			buildConfigurations = (
				8FCA00812899F6CE00F08BC1 /* Debug */,
				8FCA00822899F6CE00F08BC1 /* Release */,
			);
			defaultConfigurationIsVisible = 0;
			defaultConfigurationName = Release;
		};
/* End XCConfigurationList section */

/* Begin XCRemoteSwiftPackageReference section */
		8F463481289CFC690025D731 /* XCRemoteSwiftPackageReference "Kingfisher" */ = {
			isa = XCRemoteSwiftPackageReference;
			repositoryURL = "https://github.com/onevcat/Kingfisher.git";
			requirement = {
				kind = upToNextMajorVersion;
				minimumVersion = 7.0.0;
			};
		};
		8FCA009A289AA14700F08BC1 /* XCRemoteSwiftPackageReference "Alamofire" */ = {
			isa = XCRemoteSwiftPackageReference;
			repositoryURL = "https://github.com/Alamofire/Alamofire.git";
			requirement = {
				kind = upToNextMajorVersion;
				minimumVersion = 5.0.0;
			};
		};
		8FCA009D289AA15A00F08BC1 /* XCRemoteSwiftPackageReference "SwiftyJSON" */ = {
			isa = XCRemoteSwiftPackageReference;
			repositoryURL = "https://github.com/SwiftyJSON/SwiftyJSON.git";
			requirement = {
				kind = upToNextMajorVersion;
				minimumVersion = 5.0.0;
			};
		};
		8FCA009E289AA17300F08BC1 /* XCRemoteSwiftPackageReference "Kingfisher" */ = {
			isa = XCRemoteSwiftPackageReference;
			repositoryURL = "https://github.com/onevcat/Kingfisher.git";
			requirement = {
				kind = upToNextMajorVersion;
				minimumVersion = 7.0.0;
			};
		};
		8FFDF627289AA24F00DEDF40 /* XCRemoteSwiftPackageReference "SwiftyJSON" */ = {
			isa = XCRemoteSwiftPackageReference;
			repositoryURL = "https://github.com/SwiftyJSON/SwiftyJSON.git";
			requirement = {
				kind = upToNextMajorVersion;
				minimumVersion = 5.0.0;
			};
		};
/* End XCRemoteSwiftPackageReference section */

/* Begin XCSwiftPackageProductDependency section */
		8F463482289CFC690025D731 /* Kingfisher */ = {
			isa = XCSwiftPackageProductDependency;
			package = 8FCA009E289AA17300F08BC1 /* XCRemoteSwiftPackageReference "Kingfisher" */;
			productName = Kingfisher;
		};
		8FCA009B289AA14700F08BC1 /* Alamofire */ = {
			isa = XCSwiftPackageProductDependency;
			package = 8FCA009A289AA14700F08BC1 /* XCRemoteSwiftPackageReference "Alamofire" */;
			productName = Alamofire;
		};
		8FFDF628289AA24F00DEDF40 /* SwiftyJSON */ = {
			isa = XCSwiftPackageProductDependency;
			package = 8FCA009D289AA15A00F08BC1 /* XCRemoteSwiftPackageReference "SwiftyJSON" */;
			productName = SwiftyJSON;
		};
/* End XCSwiftPackageProductDependency section */
	};
	rootObject = 8FCA00642899F6CD00F08BC1 /* Project object */;
}
